
Microsoft Visual Studio Solution File, Format Version 12.00
# Visual Studio Version 16
VisualStudioVersion = 16.0.29519.181
MinimumVisualStudioVersion = 10.0.40219.1
Project("{9A19103F-16F7-4668-BE54-9A1E7A4F7556}") = "KonbiniBrazor", "KonbiniBrazor.csproj", "{94B7451F-4DA4-41ED-B5C6-901339E0BC6F}"
EndProject
Project("{FAE04EC0-301F-11D3-BF4B-00C04F79EFBC}") = "Server", "..\Server\Server.csproj", "{0E016144-1C8C-45C1-8822-1572D837D1DD}"
EndProject
Global
	GlobalSection(SolutionConfigurationPlatforms) = preSolution
		Debug|Any CPU = Debug|Any CPU
		Release|Any CPU = Release|Any CPU
	EndGlobalSection
	GlobalSection(ProjectConfigurationPlatforms) = postSolution
		{94B7451F-4DA4-41ED-B5C6-901339E0BC6F}.Debug|Any CPU.ActiveCfg = Debug|Any CPU
		{94B7451F-4DA4-41ED-B5C6-901339E0BC6F}.Debug|Any CPU.Build.0 = Debug|Any CPU
		{94B7451F-4DA4-41ED-B5C6-901339E0BC6F}.Release|Any CPU.ActiveCfg = Release|Any CPU
		{94B7451F-4DA4-41ED-B5C6-901339E0BC6F}.Release|Any CPU.Build.0 = Release|Any CPU
		{0E016144-1C8C-45C1-8822-1572D837D1DD}.Debug|Any CPU.ActiveCfg = Debug|Any CPU
		{0E016144-1C8C-45C1-8822-1572D837D1DD}.Debug|Any CPU.Build.0 = Debug|Any CPU
		{0E016144-1C8C-45C1-8822-1572D837D1DD}.Release|Any CPU.ActiveCfg = Release|Any CPU
		{0E016144-1C8C-45C1-8822-1572D837D1DD}.Release|Any CPU.Build.0 = Release|Any CPU
	EndGlobalSection
	GlobalSection(SolutionProperties) = preSolution
		HideSolutionNode = FALSE
	EndGlobalSection
	GlobalSection(ExtensibilityGlobals) = postSolution
		SolutionGuid = {1F59635B-EB13-43A3-9BFA-9ACC3554D52E}
	EndGlobalSection
EndGlobal
